
Microsoft Visual Studio Solution File, Format Version 12.00
# Visual Studio Version 17
VisualStudioVersion = 17.6.33829.357
MinimumVisualStudioVersion = 10.0.40219.1
Project("{FAE04EC0-301F-11D3-BF4B-00C04F79EFBC}") = "Rebind", "Rebind.csproj", "{06381D21-268A-4B1C-82B2-7A98A84A2017}"
EndProject
Global
	GlobalSection(SolutionConfigurationPlatforms) = preSolution
		Debug|Any CPU = Debug|Any CPU
		Release|Any CPU = Release|Any CPU
	EndGlobalSection
	GlobalSection(ProjectConfigurationPlatforms) = postSolution
		{06381D21-268A-4B1C-82B2-7A98A84A2017}.Debug|Any CPU.ActiveCfg = Debug|Any CPU
		{06381D21-268A-4B1C-82B2-7A98A84A2017}.Debug|Any CPU.Build.0 = Debug|Any CPU
		{06381D21-268A-4B1C-82B2-7A98A84A2017}.Release|Any CPU.ActiveCfg = Release|Any CPU
		{06381D21-268A-4B1C-82B2-7A98A84A2017}.Release|Any CPU.Build.0 = Release|Any CPU
	EndGlobalSection
	GlobalSection(SolutionProperties) = preSolution
		HideSolutionNode = FALSE
	EndGlobalSection
	GlobalSection(ExtensibilityGlobals) = postSolution
		SolutionGuid = {4FFCF67C-8ED9-4993-BCA2-64ADF7ED92F0}
	EndGlobalSection
EndGlobal
